
Microsoft Visual Studio Solution File, Format Version 12.00
# Visual Studio Version 16
VisualStudioVersion = 16.0.30320.27
MinimumVisualStudioVersion = 10.0.40219.1
Project("{FAE04EC0-301F-11D3-BF4B-00C04F79EFBC}") = "MyWeb", "MyWeb\MyWeb.csproj", "{3A50F707-9D4E-453C-8044-863BCB42F77A}"
EndProject
Global
	GlobalSection(SolutionConfigurationPlatforms) = preSolution
		Debug|Any CPU = Debug|Any CPU
		Release|Any CPU = Release|Any CPU
	EndGlobalSection
	GlobalSection(ProjectConfigurationPlatforms) = postSolution
		{3A50F707-9D4E-453C-8044-863BCB42F77A}.Debug|Any CPU.ActiveCfg = Debug|Any CPU
		{3A50F707-9D4E-453C-8044-863BCB42F77A}.Debug|Any CPU.Build.0 = Debug|Any CPU
		{3A50F707-9D4E-453C-8044-863BCB42F77A}.Release|Any CPU.ActiveCfg = Release|Any CPU
		{3A50F707-9D4E-453C-8044-863BCB42F77A}.Release|Any CPU.Build.0 = Release|Any CPU
	EndGlobalSection
	GlobalSection(SolutionProperties) = preSolution
		HideSolutionNode = FALSE
	EndGlobalSection
	GlobalSection(ExtensibilityGlobals) = postSolution
		SolutionGuid = {437AD86B-2236-41F1-886A-2651575388F1}
	EndGlobalSection
EndGlobal
